
Microsoft Visual Studio Solution File, Format Version 12.00
# Visual Studio 15
VisualStudioVersion = 15.0.26730.8
MinimumVisualStudioVersion = 10.0.40219.1
Project("{FAE04EC0-301F-11D3-BF4B-00C04F79EFBC}") = "MessManager.Console", "MessManager.Console\MessManager.Console.csproj", "{0AEDA3F3-8461-4972-9712-54ED4BE120FF}"
EndProject
Project("{2150E333-8FDC-42A3-9474-1A3956D46DE8}") = "Contracts.MessManager", "Contracts.MessManager", "{5FF11CE2-41CA-4C24-9C9F-57B9191BC96A}"
EndProject
Project("{FAE04EC0-301F-11D3-BF4B-00C04F79EFBC}") = "Contracts.MessManager", "Contracts.MessManager\Contracts.MessManager.csproj", "{3BFF0826-DBC0-4E5E-9857-B24F96C4D235}"
EndProject
Project("{2150E333-8FDC-42A3-9474-1A3956D46DE8}") = "Database", "Database", "{19C5A717-013F-42A6-BD4B-3AC9FDC90C04}"
EndProject
Project("{2150E333-8FDC-42A3-9474-1A3956D46DE8}") = "scripts", "scripts", "{10CB252A-EA66-4D88-A3E1-C1B5A5E8C1E8}"
	ProjectSection(SolutionItems) = preProject
		E:\MessManagerDB\create_table.sql = E:\MessManagerDB\create_table.sql
	EndProjectSection
EndProject
Project("{2150E333-8FDC-42A3-9474-1A3956D46DE8}") = "Accessor", "Accessor", "{E6161FB5-4767-415B-AB21-03A3B37A1559}"
EndProject
Project("{FAE04EC0-301F-11D3-BF4B-00C04F79EFBC}") = "Accessor.MessManager", "Accessor.MessManager\Accessor.MessManager.csproj", "{D4A5B052-C6E7-442D-904E-FA4BF8F0D6D9}"
EndProject
Global
	GlobalSection(SolutionConfigurationPlatforms) = preSolution
		Debug|Any CPU = Debug|Any CPU
		Release|Any CPU = Release|Any CPU
	EndGlobalSection
	GlobalSection(ProjectConfigurationPlatforms) = postSolution
		{0AEDA3F3-8461-4972-9712-54ED4BE120FF}.Debug|Any CPU.ActiveCfg = Debug|Any CPU
		{0AEDA3F3-8461-4972-9712-54ED4BE120FF}.Debug|Any CPU.Build.0 = Debug|Any CPU
		{0AEDA3F3-8461-4972-9712-54ED4BE120FF}.Release|Any CPU.ActiveCfg = Release|Any CPU
		{0AEDA3F3-8461-4972-9712-54ED4BE120FF}.Release|Any CPU.Build.0 = Release|Any CPU
		{3BFF0826-DBC0-4E5E-9857-B24F96C4D235}.Debug|Any CPU.ActiveCfg = Debug|Any CPU
		{3BFF0826-DBC0-4E5E-9857-B24F96C4D235}.Debug|Any CPU.Build.0 = Debug|Any CPU
		{3BFF0826-DBC0-4E5E-9857-B24F96C4D235}.Release|Any CPU.ActiveCfg = Release|Any CPU
		{3BFF0826-DBC0-4E5E-9857-B24F96C4D235}.Release|Any CPU.Build.0 = Release|Any CPU
		{D4A5B052-C6E7-442D-904E-FA4BF8F0D6D9}.Debug|Any CPU.ActiveCfg = Debug|Any CPU
		{D4A5B052-C6E7-442D-904E-FA4BF8F0D6D9}.Debug|Any CPU.Build.0 = Debug|Any CPU
		{D4A5B052-C6E7-442D-904E-FA4BF8F0D6D9}.Release|Any CPU.ActiveCfg = Release|Any CPU
		{D4A5B052-C6E7-442D-904E-FA4BF8F0D6D9}.Release|Any CPU.Build.0 = Release|Any CPU
	EndGlobalSection
	GlobalSection(SolutionProperties) = preSolution
		HideSolutionNode = FALSE
	EndGlobalSection
	GlobalSection(NestedProjects) = preSolution
		{3BFF0826-DBC0-4E5E-9857-B24F96C4D235} = {5FF11CE2-41CA-4C24-9C9F-57B9191BC96A}
		{10CB252A-EA66-4D88-A3E1-C1B5A5E8C1E8} = {19C5A717-013F-42A6-BD4B-3AC9FDC90C04}
		{D4A5B052-C6E7-442D-904E-FA4BF8F0D6D9} = {E6161FB5-4767-415B-AB21-03A3B37A1559}
	EndGlobalSection
	GlobalSection(ExtensibilityGlobals) = postSolution
		SolutionGuid = {DB49D1F4-723F-40F5-87F9-49B4DE0A6FAC}
	EndGlobalSection
EndGlobal
